
Microsoft Visual Studio Solution File, Format Version 12.00
# Visual Studio Version 16
VisualStudioVersion = 16.0.30028.174
MinimumVisualStudioVersion = 10.0.40219.1
Project("{FAE04EC0-301F-11D3-BF4B-00C04F79EFBC}") = "DemoFluentEmail", "DemoFluentEmail\DemoFluentEmail.csproj", "{B8C03830-373B-4F64-9DD4-5D477AC9B3E1}"
EndProject
Project("{FAE04EC0-301F-11D3-BF4B-00C04F79EFBC}") = "EmailTemplates.Shared", "EmailTemplates.Shared\EmailTemplates.Shared.csproj", "{C67075F8-3802-4331-91F9-2BE53939F58C}"
EndProject
Global
	GlobalSection(SolutionConfigurationPlatforms) = preSolution
		Debug|Any CPU = Debug|Any CPU
		Release|Any CPU = Release|Any CPU
	EndGlobalSection
	GlobalSection(ProjectConfigurationPlatforms) = postSolution
		{B8C03830-373B-4F64-9DD4-5D477AC9B3E1}.Debug|Any CPU.ActiveCfg = Debug|Any CPU
		{B8C03830-373B-4F64-9DD4-5D477AC9B3E1}.Debug|Any CPU.Build.0 = Debug|Any CPU
		{B8C03830-373B-4F64-9DD4-5D477AC9B3E1}.Release|Any CPU.ActiveCfg = Release|Any CPU
		{B8C03830-373B-4F64-9DD4-5D477AC9B3E1}.Release|Any CPU.Build.0 = Release|Any CPU
		{C67075F8-3802-4331-91F9-2BE53939F58C}.Debug|Any CPU.ActiveCfg = Debug|Any CPU
		{C67075F8-3802-4331-91F9-2BE53939F58C}.Debug|Any CPU.Build.0 = Debug|Any CPU
		{C67075F8-3802-4331-91F9-2BE53939F58C}.Release|Any CPU.ActiveCfg = Release|Any CPU
		{C67075F8-3802-4331-91F9-2BE53939F58C}.Release|Any CPU.Build.0 = Release|Any CPU
	EndGlobalSection
	GlobalSection(SolutionProperties) = preSolution
		HideSolutionNode = FALSE
	EndGlobalSection
	GlobalSection(ExtensibilityGlobals) = postSolution
		SolutionGuid = {05CB5799-53AA-4305-BF3E-B4F4D3BC13CF}
	EndGlobalSection
EndGlobal
